
Microsoft Visual Studio Solution File, Format Version 12.00
# Visual Studio Version 17
VisualStudioVersion = 17.14.36915.13 d17.14
MinimumVisualStudioVersion = 10.0.40219.1
Project("{FAE04EC0-301F-11D3-BF4B-00C04F79EFBC}") = "diccionario", "diccionario\diccionario.csproj", "{C7E40AC8-4BC3-48E7-A767-3F1438F03CD2}"
EndProject
Global
	GlobalSection(SolutionConfigurationPlatforms) = preSolution
		Debug|Any CPU = Debug|Any CPU
		Release|Any CPU = Release|Any CPU
	EndGlobalSection
	GlobalSection(ProjectConfigurationPlatforms) = postSolution
		{C7E40AC8-4BC3-48E7-A767-3F1438F03CD2}.Debug|Any CPU.ActiveCfg = Debug|Any CPU
		{C7E40AC8-4BC3-48E7-A767-3F1438F03CD2}.Debug|Any CPU.Build.0 = Debug|Any CPU
		{C7E40AC8-4BC3-48E7-A767-3F1438F03CD2}.Release|Any CPU.ActiveCfg = Release|Any CPU
		{C7E40AC8-4BC3-48E7-A767-3F1438F03CD2}.Release|Any CPU.Build.0 = Release|Any CPU
	EndGlobalSection
	GlobalSection(SolutionProperties) = preSolution
		HideSolutionNode = FALSE
	EndGlobalSection
	GlobalSection(ExtensibilityGlobals) = postSolution
		SolutionGuid = {41B4ED99-2BDF-4D9F-9F45-E9DA7324F2C7}
	EndGlobalSection
EndGlobal
